
Microsoft Visual Studio Solution File, Format Version 12.00
# Visual Studio Version 17
VisualStudioVersion = 17.0.31903.59
MinimumVisualStudioVersion = 10.0.40219.1
Project("{2150E333-8FDC-42A3-9474-1A3956D46DE8}") = "app", "app", "{4802A606-6947-4CC9-950F-6CF2B11BE313}"
EndProject
Project("{2150E333-8FDC-42A3-9474-1A3956D46DE8}") = "XDM", "XDM", "{96FAA381-689C-45FA-B5A3-8D83118515A4}"
EndProject
Project("{FAE04EC0-301F-11D3-BF4B-00C04F79EFBC}") = "XDM.Desktop", "XDM.Desktop\XDM.Desktop.csproj", "{68641CC8-2695-4C83-B9BD-D9322B120273}"
EndProject
Project("{FAE04EC0-301F-11D3-BF4B-00C04F79EFBC}") = "XDM.MessagingHost", "XDM.MessagingHost\XDM.MessagingHost.csproj", "{7C36ED20-D1F9-4D92-9FBB-0B97B32478EE}"
EndProject
Project("{FAE04EC0-301F-11D3-BF4B-00C04F79EFBC}") = "XDM.Core.Ref", "XDM.Core.Ref\XDM.Core.Ref.csproj", "{A09CAC32-5719-4D19-AE0F-F15305BB178C}"
EndProject
Global
	GlobalSection(SolutionConfigurationPlatforms) = preSolution
		Debug|Any CPU = Debug|Any CPU
		Release|Any CPU = Release|Any CPU
	EndGlobalSection
	GlobalSection(SolutionProperties) = preSolution
		HideSolutionNode = FALSE
	EndGlobalSection
	GlobalSection(ProjectConfigurationPlatforms) = postSolution
		{68641CC8-2695-4C83-B9BD-D9322B120273}.Debug|Any CPU.ActiveCfg = Debug|Any CPU
		{68641CC8-2695-4C83-B9BD-D9322B120273}.Debug|Any CPU.Build.0 = Debug|Any CPU
		{68641CC8-2695-4C83-B9BD-D9322B120273}.Release|Any CPU.ActiveCfg = Release|Any CPU
		{68641CC8-2695-4C83-B9BD-D9322B120273}.Release|Any CPU.Build.0 = Release|Any CPU
		{7C36ED20-D1F9-4D92-9FBB-0B97B32478EE}.Debug|Any CPU.ActiveCfg = Debug|Any CPU		{7C36ED20-D1F9-4D92-9FBB-0B97B32478EE}.Debug|Any CPU.Build.0 = Debug|Any CPU
		{7C36ED20-D1F9-4D92-9FBB-0B97B32478EE}.Release|Any CPU.ActiveCfg = Release|Any CPU
		{7C36ED20-D1F9-4D92-9FBB-0B97B32478EE}.Release|Any CPU.Build.0 = Release|Any CPU
		{A09CAC32-5719-4D19-AE0F-F15305BB178C}.Debug|Any CPU.ActiveCfg = Debug|Any CPU
		{A09CAC32-5719-4D19-AE0F-F15305BB178C}.Debug|Any CPU.Build.0 = Debug|Any CPU
		{A09CAC32-5719-4D19-AE0F-F15305BB178C}.Release|Any CPU.ActiveCfg = Release|Any CPU
		{A09CAC32-5719-4D19-AE0F-F15305BB178C}.Release|Any CPU.Build.0 = Release|Any CPU
	EndGlobalSection
	GlobalSection(NestedProjects) = preSolution
		{96FAA381-689C-45FA-B5A3-8D83118515A4} = {4802A606-6947-4CC9-950F-6CF2B11BE313}
		{68641CC8-2695-4C83-B9BD-D9322B120273} = {96FAA381-689C-45FA-B5A3-8D83118515A4}
		{7C36ED20-D1F9-4D92-9FBB-0B97B32478EE} = {96FAA381-689C-45FA-B5A3-8D83118515A4}
		{A09CAC32-5719-4D19-AE0F-F15305BB178C} = {96FAA381-689C-45FA-B5A3-8D83118515A4}
	EndGlobalSection
EndGlobal
